// !$*UTF8*$!
{
	archiveVersion = 1;
	classes = {
	};
	objectVersion = 50;
	objects = {

/* Begin PBXBuildFile section */
		C30E878726A812000020D4BD /* Assets.xcassets in Resources */ = {isa = PBXBuildFile; fileRef = C30E877C26A812000020D4BD /* Assets.xcassets */; };
		C30E878826A812000020D4BD /* Assets.xcassets in Resources */ = {isa = PBXBuildFile; fileRef = C30E877C26A812000020D4BD /* Assets.xcassets */; };
		C30E878926A812000020D4BD /* Assets.xcassets in Resources */ = {isa = PBXBuildFile; fileRef = C30E877C26A812000020D4BD /* Assets.xcassets */; };
		C30E878A26A812000020D4BD /* Assets.xcassets in Resources */ = {isa = PBXBuildFile; fileRef = C30E877C26A812000020D4BD /* Assets.xcassets */; };
		C30E878B26A812000020D4BD /* Assets.xcassets in Resources */ = {isa = PBXBuildFile; fileRef = C30E877C26A812000020D4BD /* Assets.xcassets */; };
		C30E878C26A812000020D4BD /* LaunchScreen.storyboard in Resources */ = {isa = PBXBuildFile; fileRef = C30E877D26A812000020D4BD /* LaunchScreen.storyboard */; };
		C30E878D26A812000020D4BD /* LaunchScreen.storyboard in Resources */ = {isa = PBXBuildFile; fileRef = C30E877D26A812000020D4BD /* LaunchScreen.storyboard */; };
		C30E878E26A812000020D4BD /* LaunchScreen.storyboard in Resources */ = {isa = PBXBuildFile; fileRef = C30E877D26A812000020D4BD /* LaunchScreen.storyboard */; };
		C30E878F26A812000020D4BD /* LaunchScreen.storyboard in Resources */ = {isa = PBXBuildFile; fileRef = C30E877D26A812000020D4BD /* LaunchScreen.storyboard */; };
		C30E879026A812000020D4BD /* LaunchScreen.storyboard in Resources */ = {isa = PBXBuildFile; fileRef = C30E877D26A812000020D4BD /* LaunchScreen.storyboard */; };
		C30E879126A812000020D4BD /* Main.storyboard in Resources */ = {isa = PBXBuildFile; fileRef = C30E877F26A812000020D4BD /* Main.storyboard */; };
		C30E879226A812000020D4BD /* Main.storyboard in Resources */ = {isa = PBXBuildFile; fileRef = C30E877F26A812000020D4BD /* Main.storyboard */; };
		C30E879326A812000020D4BD /* Main.storyboard in Resources */ = {isa = PBXBuildFile; fileRef = C30E877F26A812000020D4BD /* Main.storyboard */; };
		C30E879426A812000020D4BD /* Main.storyboard in Resources */ = {isa = PBXBuildFile; fileRef = C30E877F26A812000020D4BD /* Main.storyboard */; };
		C30E879526A812000020D4BD /* Main.storyboard in Resources */ = {isa = PBXBuildFile; fileRef = C30E877F26A812000020D4BD /* Main.storyboard */; };
		C30E87B526A81F5F0020D4BD /* ViewController.swift in Sources */ = {isa = PBXBuildFile; fileRef = C30E87B226A81F5F0020D4BD /* ViewController.swift */; };
		C30E87B626A81F5F0020D4BD /* ViewController.swift in Sources */ = {isa = PBXBuildFile; fileRef = C30E87B226A81F5F0020D4BD /* ViewController.swift */; };
		C30E87B726A81F5F0020D4BD /* ViewController.swift in Sources */ = {isa = PBXBuildFile; fileRef = C30E87B226A81F5F0020D4BD /* ViewController.swift */; };
		C30E87B826A81F5F0020D4BD /* ViewController.swift in Sources */ = {isa = PBXBuildFile; fileRef = C30E87B226A81F5F0020D4BD /* ViewController.swift */; };
		C30E87B926A81F5F0020D4BD /* ViewController.swift in Sources */ = {isa = PBXBuildFile; fileRef = C30E87B226A81F5F0020D4BD /* ViewController.swift */; };
		C30E87BA26A81F5F0020D4BD /* SceneDelegate.swift in Sources */ = {isa = PBXBuildFile; fileRef = C30E87B326A81F5F0020D4BD /* SceneDelegate.swift */; };
		C30E87BB26A81F5F0020D4BD /* SceneDelegate.swift in Sources */ = {isa = PBXBuildFile; fileRef = C30E87B326A81F5F0020D4BD /* SceneDelegate.swift */; };
		C30E87BC26A81F5F0020D4BD /* SceneDelegate.swift in Sources */ = {isa = PBXBuildFile; fileRef = C30E87B326A81F5F0020D4BD /* SceneDelegate.swift */; };
		C30E87BD26A81F5F0020D4BD /* SceneDelegate.swift in Sources */ = {isa = PBXBuildFile; fileRef = C30E87B326A81F5F0020D4BD /* SceneDelegate.swift */; };
		C30E87BE26A81F5F0020D4BD /* SceneDelegate.swift in Sources */ = {isa = PBXBuildFile; fileRef = C30E87B326A81F5F0020D4BD /* SceneDelegate.swift */; };
		C30E87BF26A81F5F0020D4BD /* AppDelegate.swift in Sources */ = {isa = PBXBuildFile; fileRef = C30E87B426A81F5F0020D4BD /* AppDelegate.swift */; };
		C30E87C026A81F5F0020D4BD /* AppDelegate.swift in Sources */ = {isa = PBXBuildFile; fileRef = C30E87B426A81F5F0020D4BD /* AppDelegate.swift */; };
		C30E87C126A81F5F0020D4BD /* AppDelegate.swift in Sources */ = {isa = PBXBuildFile; fileRef = C30E87B426A81F5F0020D4BD /* AppDelegate.swift */; };
		C30E87C226A81F5F0020D4BD /* AppDelegate.swift in Sources */ = {isa = PBXBuildFile; fileRef = C30E87B426A81F5F0020D4BD /* AppDelegate.swift */; };
		C30E87C326A81F5F0020D4BD /* AppDelegate.swift in Sources */ = {isa = PBXBuildFile; fileRef = C30E87B426A81F5F0020D4BD /* AppDelegate.swift */; };
/* End PBXBuildFile section */

/* Begin PBXFileReference section */
		C30E871B26A808F70020D4BD /* dev-Starter-Sample.app */ = {isa = PBXFileReference; explicitFileType = wrapper.application; includeInIndex = 0; path = "dev-Starter-Sample.app"; sourceTree = BUILT_PRODUCTS_DIR; };
		C30E873F26A809020020D4BD /* sit-Starter-Sample.app */ = {isa = PBXFileReference; explicitFileType = wrapper.application; includeInIndex = 0; path = "sit-Starter-Sample.app"; sourceTree = BUILT_PRODUCTS_DIR; };
		C30E874E26A809070020D4BD /* uat-Starter-Sample.app */ = {isa = PBXFileReference; explicitFileType = wrapper.application; includeInIndex = 0; path = "uat-Starter-Sample.app"; sourceTree = BUILT_PRODUCTS_DIR; };
		C30E875D26A809140020D4BD /* prod-Starter-Sample.app */ = {isa = PBXFileReference; explicitFileType = wrapper.application; includeInIndex = 0; path = "prod-Starter-Sample.app"; sourceTree = BUILT_PRODUCTS_DIR; };
		C30E876C26A809180020D4BD /* offline-Starter-Sample.app */ = {isa = PBXFileReference; explicitFileType = wrapper.application; includeInIndex = 0; path = "offline-Starter-Sample.app"; sourceTree = BUILT_PRODUCTS_DIR; };
		C30E877C26A812000020D4BD /* Assets.xcassets */ = {isa = PBXFileReference; lastKnownFileType = folder.assetcatalog; path = Assets.xcassets; sourceTree = "<group>"; };
		C30E877E26A812000020D4BD /* Base */ = {isa = PBXFileReference; lastKnownFileType = file.storyboard; name = Base; path = Base.lproj/LaunchScreen.storyboard; sourceTree = "<group>"; };
		C30E878026A812000020D4BD /* Base */ = {isa = PBXFileReference; lastKnownFileType = file.storyboard; name = Base; path = Base.lproj/Main.storyboard; sourceTree = "<group>"; };
		C30E878226A812000020D4BD /* uat-Starter-Sample.plist */ = {isa = PBXFileReference; fileEncoding = 4; lastKnownFileType = text.plist.xml; path = "uat-Starter-Sample.plist"; sourceTree = "<group>"; };
		C30E878326A812000020D4BD /* sit-Starter-Sample.plist */ = {isa = PBXFileReference; fileEncoding = 4; lastKnownFileType = text.plist.xml; path = "sit-Starter-Sample.plist"; sourceTree = "<group>"; };
		C30E878426A812000020D4BD /* prod-Starter-Sample.plist */ = {isa = PBXFileReference; fileEncoding = 4; lastKnownFileType = text.plist.xml; path = "prod-Starter-Sample.plist"; sourceTree = "<group>"; };
		C30E878526A812000020D4BD /* dev-Info.plist */ = {isa = PBXFileReference; fileEncoding = 4; lastKnownFileType = text.plist.xml; path = "dev-Info.plist"; sourceTree = "<group>"; };
		C30E878626A812000020D4BD /* offline-Starter-Sample.plist */ = {isa = PBXFileReference; fileEncoding = 4; lastKnownFileType = text.plist.xml; path = "offline-Starter-Sample.plist"; sourceTree = "<group>"; };
		C30E87B226A81F5F0020D4BD /* ViewController.swift */ = {isa = PBXFileReference; fileEncoding = 4; lastKnownFileType = sourcecode.swift; path = ViewController.swift; sourceTree = "<group>"; };
		C30E87B326A81F5F0020D4BD /* SceneDelegate.swift */ = {isa = PBXFileReference; fileEncoding = 4; lastKnownFileType = sourcecode.swift; path = SceneDelegate.swift; sourceTree = "<group>"; };
		C30E87B426A81F5F0020D4BD /* AppDelegate.swift */ = {isa = PBXFileReference; fileEncoding = 4; lastKnownFileType = sourcecode.swift; path = AppDelegate.swift; sourceTree = "<group>"; };
/* End PBXFileReference section */

/* Begin PBXFrameworksBuildPhase section */
		C30E871826A808F70020D4BD /* Frameworks */ = {
			isa = PBXFrameworksBuildPhase;
			buildActionMask = 2147483647;
			files = (
			);
			runOnlyForDeploymentPostprocessing = 0;
		};
		C30E873726A809020020D4BD /* Frameworks */ = {
			isa = PBXFrameworksBuildPhase;
			buildActionMask = 2147483647;
			files = (
			);
			runOnlyForDeploymentPostprocessing = 0;
		};
		C30E874626A809070020D4BD /* Frameworks */ = {
			isa = PBXFrameworksBuildPhase;
			buildActionMask = 2147483647;
			files = (
			);
			runOnlyForDeploymentPostprocessing = 0;
		};
		C30E875526A809140020D4BD /* Frameworks */ = {
			isa = PBXFrameworksBuildPhase;
			buildActionMask = 2147483647;
			files = (
			);
			runOnlyForDeploymentPostprocessing = 0;
		};
		C30E876426A809180020D4BD /* Frameworks */ = {
			isa = PBXFrameworksBuildPhase;
			buildActionMask = 2147483647;
			files = (
			);
			runOnlyForDeploymentPostprocessing = 0;
		};
/* End PBXFrameworksBuildPhase section */

/* Begin PBXGroup section */
		C30E871226A808F70020D4BD = {
			isa = PBXGroup;
			children = (
				C30E871D26A808F70020D4BD /* Starter-Sample */,
				C30E871C26A808F70020D4BD /* Products */,
			);
			sourceTree = "<group>";
		};
		C30E871C26A808F70020D4BD /* Products */ = {
			isa = PBXGroup;
			children = (
				C30E871B26A808F70020D4BD /* dev-Starter-Sample.app */,
				C30E873F26A809020020D4BD /* sit-Starter-Sample.app */,
				C30E874E26A809070020D4BD /* uat-Starter-Sample.app */,
				C30E875D26A809140020D4BD /* prod-Starter-Sample.app */,
				C30E876C26A809180020D4BD /* offline-Starter-Sample.app */,
			);
			name = Products;
			sourceTree = "<group>";
		};
		C30E871D26A808F70020D4BD /* Starter-Sample */ = {
			isa = PBXGroup;
			children = (
				C30E87B026A81F5F0020D4BD /* Feature */,
				C30E87AF26A81EAC0020D4BD /* Environment */,
				C30E877B26A812000020D4BD /* Common Resources */,
			);
			path = "Starter-Sample";
			sourceTree = "<group>";
		};
		C30E877B26A812000020D4BD /* Common Resources */ = {
			isa = PBXGroup;
			children = (
				C30E877C26A812000020D4BD /* Assets.xcassets */,
				C30E877D26A812000020D4BD /* LaunchScreen.storyboard */,
				C30E877F26A812000020D4BD /* Main.storyboard */,
				C30E878126A812000020D4BD /* App-Plist */,
			);
			path = "Common Resources";
			sourceTree = "<group>";
		};
		C30E878126A812000020D4BD /* App-Plist */ = {
			isa = PBXGroup;
			children = (
				C30E878226A812000020D4BD /* uat-Starter-Sample.plist */,
				C30E878326A812000020D4BD /* sit-Starter-Sample.plist */,
				C30E878426A812000020D4BD /* prod-Starter-Sample.plist */,
				C30E878526A812000020D4BD /* dev-Info.plist */,
				C30E878626A812000020D4BD /* offline-Starter-Sample.plist */,
			);
			path = "App-Plist";
			sourceTree = "<group>";
		};
		C30E87AF26A81EAC0020D4BD /* Environment */ = {
			isa = PBXGroup;
			children = (
			);
			path = Environment;
			sourceTree = "<group>";
		};
		C30E87B026A81F5F0020D4BD /* Feature */ = {
			isa = PBXGroup;
			children = (
				C30E87B126A81F5F0020D4BD /* Landing-page */,
				C30E87B426A81F5F0020D4BD /* AppDelegate.swift */,
			);
			path = Feature;
			sourceTree = "<group>";
		};
		C30E87B126A81F5F0020D4BD /* Landing-page */ = {
			isa = PBXGroup;
			children = (
				C30E87B226A81F5F0020D4BD /* ViewController.swift */,
				C30E87B326A81F5F0020D4BD /* SceneDelegate.swift */,
			);
			path = "Landing-page";
			sourceTree = "<group>";
		};
/* End PBXGroup section */

/* Begin PBXNativeTarget section */
		C30E871A26A808F70020D4BD /* dev-Starter-Sample */ = {
			isa = PBXNativeTarget;
			buildConfigurationList = C30E872F26A808F80020D4BD /* Build configuration list for PBXNativeTarget "dev-Starter-Sample" */;
			buildPhases = (
				C30E871726A808F70020D4BD /* Sources */,
				C30E871826A808F70020D4BD /* Frameworks */,
				C30E871926A808F70020D4BD /* Resources */,
			);
			buildRules = (
			);
			dependencies = (
			);
			name = "dev-Starter-Sample";
			productName = "Starter-Sample";
			productReference = C30E871B26A808F70020D4BD /* dev-Starter-Sample.app */;
			productType = "com.apple.product-type.application";
		};
		C30E873226A809020020D4BD /* sit-Starter-Sample */ = {
			isa = PBXNativeTarget;
			buildConfigurationList = C30E873C26A809020020D4BD /* Build configuration list for PBXNativeTarget "sit-Starter-Sample" */;
			buildPhases = (
				C30E873326A809020020D4BD /* Sources */,
				C30E873726A809020020D4BD /* Frameworks */,
				C30E873826A809020020D4BD /* Resources */,
			);
			buildRules = (
			);
			dependencies = (
			);
			name = "sit-Starter-Sample";
			productName = "Starter-Sample";
			productReference = C30E873F26A809020020D4BD /* sit-Starter-Sample.app */;
			productType = "com.apple.product-type.application";
		};
		C30E874126A809070020D4BD /* uat-Starter-Sample */ = {
			isa = PBXNativeTarget;
			buildConfigurationList = C30E874B26A809070020D4BD /* Build configuration list for PBXNativeTarget "uat-Starter-Sample" */;
			buildPhases = (
				C30E874226A809070020D4BD /* Sources */,
				C30E874626A809070020D4BD /* Frameworks */,
				C30E874726A809070020D4BD /* Resources */,
			);
			buildRules = (
			);
			dependencies = (
			);
			name = "uat-Starter-Sample";
			productName = "Starter-Sample";
			productReference = C30E874E26A809070020D4BD /* uat-Starter-Sample.app */;
			productType = "com.apple.product-type.application";
		};
		C30E875026A809140020D4BD /* prod-Starter-Sample */ = {
			isa = PBXNativeTarget;
			buildConfigurationList = C30E875A26A809140020D4BD /* Build configuration list for PBXNativeTarget "prod-Starter-Sample" */;
			buildPhases = (
				C30E875126A809140020D4BD /* Sources */,
				C30E875526A809140020D4BD /* Frameworks */,
				C30E875626A809140020D4BD /* Resources */,
			);
			buildRules = (
			);
			dependencies = (
			);
			name = "prod-Starter-Sample";
			productName = "Starter-Sample";
			productReference = C30E875D26A809140020D4BD /* prod-Starter-Sample.app */;
			productType = "com.apple.product-type.application";
		};
		C30E875F26A809180020D4BD /* offline-Starter-Sample */ = {
			isa = PBXNativeTarget;
			buildConfigurationList = C30E876926A809180020D4BD /* Build configuration list for PBXNativeTarget "offline-Starter-Sample" */;
			buildPhases = (
				C30E876026A809180020D4BD /* Sources */,
				C30E876426A809180020D4BD /* Frameworks */,
				C30E876526A809180020D4BD /* Resources */,
			);
			buildRules = (
			);
			dependencies = (
			);
			name = "offline-Starter-Sample";
			productName = "Starter-Sample";
			productReference = C30E876C26A809180020D4BD /* offline-Starter-Sample.app */;
			productType = "com.apple.product-type.application";
		};
/* End PBXNativeTarget section */

/* Begin PBXProject section */
		C30E871326A808F70020D4BD /* Project object */ = {
			isa = PBXProject;
			attributes = {
				LastSwiftUpdateCheck = 1250;
				LastUpgradeCheck = 1250;
				TargetAttributes = {
					C30E871A26A808F70020D4BD = {
						CreatedOnToolsVersion = 12.5;
					};
				};
			};
			buildConfigurationList = C30E871626A808F70020D4BD /* Build configuration list for PBXProject "Starter-Sample" */;
			compatibilityVersion = "Xcode 9.3";
			developmentRegion = en;
			hasScannedForEncodings = 0;
			knownRegions = (
				en,
				Base,
			);
			mainGroup = C30E871226A808F70020D4BD;
			productRefGroup = C30E871C26A808F70020D4BD /* Products */;
			projectDirPath = "";
			projectRoot = "";
			targets = (
				C30E871A26A808F70020D4BD /* dev-Starter-Sample */,
				C30E873226A809020020D4BD /* sit-Starter-Sample */,
				C30E874126A809070020D4BD /* uat-Starter-Sample */,
				C30E875026A809140020D4BD /* prod-Starter-Sample */,
				C30E875F26A809180020D4BD /* offline-Starter-Sample */,
			);
		};
/* End PBXProject section */

/* Begin PBXResourcesBuildPhase section */
		C30E871926A808F70020D4BD /* Resources */ = {
			isa = PBXResourcesBuildPhase;
			buildActionMask = 2147483647;
			files = (
				C30E879126A812000020D4BD /* Main.storyboard in Resources */,
				C30E878726A812000020D4BD /* Assets.xcassets in Resources */,
				C30E878C26A812000020D4BD /* LaunchScreen.storyboard in Resources */,
			);
			runOnlyForDeploymentPostprocessing = 0;
		};
		C30E873826A809020020D4BD /* Resources */ = {
			isa = PBXResourcesBuildPhase;
			buildActionMask = 2147483647;
			files = (
				C30E879226A812000020D4BD /* Main.storyboard in Resources */,
				C30E878826A812000020D4BD /* Assets.xcassets in Resources */,
				C30E878D26A812000020D4BD /* LaunchScreen.storyboard in Resources */,
			);
			runOnlyForDeploymentPostprocessing = 0;
		};
		C30E874726A809070020D4BD /* Resources */ = {
			isa = PBXResourcesBuildPhase;
			buildActionMask = 2147483647;
			files = (
				C30E879326A812000020D4BD /* Main.storyboard in Resources */,
				C30E878926A812000020D4BD /* Assets.xcassets in Resources */,
				C30E878E26A812000020D4BD /* LaunchScreen.storyboard in Resources */,
			);
			runOnlyForDeploymentPostprocessing = 0;
		};
		C30E875626A809140020D4BD /* Resources */ = {
			isa = PBXResourcesBuildPhase;
			buildActionMask = 2147483647;
			files = (
				C30E879426A812000020D4BD /* Main.storyboard in Resources */,
				C30E878A26A812000020D4BD /* Assets.xcassets in Resources */,
				C30E878F26A812000020D4BD /* LaunchScreen.storyboard in Resources */,
			);
			runOnlyForDeploymentPostprocessing = 0;
		};
		C30E876526A809180020D4BD /* Resources */ = {
			isa = PBXResourcesBuildPhase;
			buildActionMask = 2147483647;
			files = (
				C30E879526A812000020D4BD /* Main.storyboard in Resources */,
				C30E878B26A812000020D4BD /* Assets.xcassets in Resources */,
				C30E879026A812000020D4BD /* LaunchScreen.storyboard in Resources */,
			);
			runOnlyForDeploymentPostprocessing = 0;
		};
/* End PBXResourcesBuildPhase section */

/* Begin PBXSourcesBuildPhase section */
		C30E871726A808F70020D4BD /* Sources */ = {
			isa = PBXSourcesBuildPhase;
			buildActionMask = 2147483647;
			files = (
				C30E87BF26A81F5F0020D4BD /* AppDelegate.swift in Sources */,
				C30E87B526A81F5F0020D4BD /* ViewController.swift in Sources */,
				C30E87BA26A81F5F0020D4BD /* SceneDelegate.swift in Sources */,
			);
			runOnlyForDeploymentPostprocessing = 0;
		};
		C30E873326A809020020D4BD /* Sources */ = {
			isa = PBXSourcesBuildPhase;
			buildActionMask = 2147483647;
			files = (
				C30E87C026A81F5F0020D4BD /* AppDelegate.swift in Sources */,
				C30E87B626A81F5F0020D4BD /* ViewController.swift in Sources */,
				C30E87BB26A81F5F0020D4BD /* SceneDelegate.swift in Sources */,
			);
			runOnlyForDeploymentPostprocessing = 0;
		};
		C30E874226A809070020D4BD /* Sources */ = {
			isa = PBXSourcesBuildPhase;
			buildActionMask = 2147483647;
			files = (
				C30E87C126A81F5F0020D4BD /* AppDelegate.swift in Sources */,
				C30E87B726A81F5F0020D4BD /* ViewController.swift in Sources */,
				C30E87BC26A81F5F0020D4BD /* SceneDelegate.swift in Sources */,
			);
			runOnlyForDeploymentPostprocessing = 0;
		};
		C30E875126A809140020D4BD /* Sources */ = {
			isa = PBXSourcesBuildPhase;
			buildActionMask = 2147483647;
			files = (
				C30E87C226A81F5F0020D4BD /* AppDelegate.swift in Sources */,
				C30E87B826A81F5F0020D4BD /* ViewController.swift in Sources */,
				C30E87BD26A81F5F0020D4BD /* SceneDelegate.swift in Sources */,
			);
			runOnlyForDeploymentPostprocessing = 0;
		};
		C30E876026A809180020D4BD /* Sources */ = {
			isa = PBXSourcesBuildPhase;
			buildActionMask = 2147483647;
			files = (
				C30E87C326A81F5F0020D4BD /* AppDelegate.swift in Sources */,
				C30E87B926A81F5F0020D4BD /* ViewController.swift in Sources */,
				C30E87BE26A81F5F0020D4BD /* SceneDelegate.swift in Sources */,
			);
			runOnlyForDeploymentPostprocessing = 0;
		};
/* End PBXSourcesBuildPhase section */

/* Begin PBXVariantGroup section */
		C30E877D26A812000020D4BD /* LaunchScreen.storyboard */ = {
			isa = PBXVariantGroup;
			children = (
				C30E877E26A812000020D4BD /* Base */,
			);
			name = LaunchScreen.storyboard;
			sourceTree = "<group>";
		};
		C30E877F26A812000020D4BD /* Main.storyboard */ = {
			isa = PBXVariantGroup;
			children = (
				C30E878026A812000020D4BD /* Base */,
			);
			name = Main.storyboard;
			sourceTree = "<group>";
		};
/* End PBXVariantGroup section */

/* Begin XCBuildConfiguration section */
		C30E872D26A808F80020D4BD /* Debug */ = {
			isa = XCBuildConfiguration;
			buildSettings = {
				ALWAYS_SEARCH_USER_PATHS = NO;
				CLANG_ANALYZER_NONNULL = YES;
				CLANG_ANALYZER_NUMBER_OBJECT_CONVERSION = YES_AGGRESSIVE;
				CLANG_CXX_LANGUAGE_STANDARD = "gnu++14";
				CLANG_CXX_LIBRARY = "libc++";
				CLANG_ENABLE_MODULES = YES;
				CLANG_ENABLE_OBJC_ARC = YES;
				CLANG_ENABLE_OBJC_WEAK = YES;
				CLANG_WARN_BLOCK_CAPTURE_AUTORELEASING = YES;
				CLANG_WARN_BOOL_CONVERSION = YES;
				CLANG_WARN_COMMA = YES;
				CLANG_WARN_CONSTANT_CONVERSION = YES;
				CLANG_WARN_DEPRECATED_OBJC_IMPLEMENTATIONS = YES;
				CLANG_WARN_DIRECT_OBJC_ISA_USAGE = YES_ERROR;
				CLANG_WARN_DOCUMENTATION_COMMENTS = YES;
				CLANG_WARN_EMPTY_BODY = YES;
				CLANG_WARN_ENUM_CONVERSION = YES;
				CLANG_WARN_INFINITE_RECURSION = YES;
				CLANG_WARN_INT_CONVERSION = YES;
				CLANG_WARN_NON_LITERAL_NULL_CONVERSION = YES;
				CLANG_WARN_OBJC_IMPLICIT_RETAIN_SELF = YES;
				CLANG_WARN_OBJC_LITERAL_CONVERSION = YES;
				CLANG_WARN_OBJC_ROOT_CLASS = YES_ERROR;
				CLANG_WARN_QUOTED_INCLUDE_IN_FRAMEWORK_HEADER = YES;
				CLANG_WARN_RANGE_LOOP_ANALYSIS = YES;
				CLANG_WARN_STRICT_PROTOTYPES = YES;
				CLANG_WARN_SUSPICIOUS_MOVE = YES;
				CLANG_WARN_UNGUARDED_AVAILABILITY = YES_AGGRESSIVE;
				CLANG_WARN_UNREACHABLE_CODE = YES;
				CLANG_WARN__DUPLICATE_METHOD_MATCH = YES;
				COPY_PHASE_STRIP = NO;
				DEBUG_INFORMATION_FORMAT = dwarf;
				ENABLE_STRICT_OBJC_MSGSEND = YES;
				ENABLE_TESTABILITY = YES;
				GCC_C_LANGUAGE_STANDARD = gnu11;
				GCC_DYNAMIC_NO_PIC = NO;
				GCC_NO_COMMON_BLOCKS = YES;
				GCC_OPTIMIZATION_LEVEL = 0;
				GCC_PREPROCESSOR_DEFINITIONS = (
					"DEBUG=1",
					"$(inherited)",
				);
				GCC_WARN_64_TO_32_BIT_CONVERSION = YES;
				GCC_WARN_ABOUT_RETURN_TYPE = YES_ERROR;
				GCC_WARN_UNDECLARED_SELECTOR = YES;
				GCC_WARN_UNINITIALIZED_AUTOS = YES_AGGRESSIVE;
				GCC_WARN_UNUSED_FUNCTION = YES;
				GCC_WARN_UNUSED_VARIABLE = YES;
				IPHONEOS_DEPLOYMENT_TARGET = 14.5;
				MTL_ENABLE_DEBUG_INFO = INCLUDE_SOURCE;
				MTL_FAST_MATH = YES;
				ONLY_ACTIVE_ARCH = YES;
				SDKROOT = iphoneos;
				SWIFT_ACTIVE_COMPILATION_CONDITIONS = DEBUG;
				SWIFT_OPTIMIZATION_LEVEL = "-Onone";
			};
			name = Debug;
		};
		C30E872E26A808F80020D4BD /* Release */ = {
			isa = XCBuildConfiguration;
			buildSettings = {
				ALWAYS_SEARCH_USER_PATHS = NO;
				CLANG_ANALYZER_NONNULL = YES;
				CLANG_ANALYZER_NUMBER_OBJECT_CONVERSION = YES_AGGRESSIVE;
				CLANG_CXX_LANGUAGE_STANDARD = "gnu++14";
				CLANG_CXX_LIBRARY = "libc++";
				CLANG_ENABLE_MODULES = YES;
				CLANG_ENABLE_OBJC_ARC = YES;
				CLANG_ENABLE_OBJC_WEAK = YES;
				CLANG_WARN_BLOCK_CAPTURE_AUTORELEASING = YES;
				CLANG_WARN_BOOL_CONVERSION = YES;
				CLANG_WARN_COMMA = YES;
				CLANG_WARN_CONSTANT_CONVERSION = YES;
				CLANG_WARN_DEPRECATED_OBJC_IMPLEMENTATIONS = YES;
				CLANG_WARN_DIRECT_OBJC_ISA_USAGE = YES_ERROR;
				CLANG_WARN_DOCUMENTATION_COMMENTS = YES;
				CLANG_WARN_EMPTY_BODY = YES;
				CLANG_WARN_ENUM_CONVERSION = YES;
				CLANG_WARN_INFINITE_RECURSION = YES;
				CLANG_WARN_INT_CONVERSION = YES;
				CLANG_WARN_NON_LITERAL_NULL_CONVERSION = YES;
				CLANG_WARN_OBJC_IMPLICIT_RETAIN_SELF = YES;
				CLANG_WARN_OBJC_LITERAL_CONVERSION = YES;
				CLANG_WARN_OBJC_ROOT_CLASS = YES_ERROR;
				CLANG_WARN_QUOTED_INCLUDE_IN_FRAMEWORK_HEADER = YES;
				CLANG_WARN_RANGE_LOOP_ANALYSIS = YES;
				CLANG_WARN_STRICT_PROTOTYPES = YES;
				CLANG_WARN_SUSPICIOUS_MOVE = YES;
				CLANG_WARN_UNGUARDED_AVAILABILITY = YES_AGGRESSIVE;
				CLANG_WARN_UNREACHABLE_CODE = YES;
				CLANG_WARN__DUPLICATE_METHOD_MATCH = YES;
				COPY_PHASE_STRIP = NO;
				DEBUG_INFORMATION_FORMAT = "dwarf-with-dsym";
				ENABLE_NS_ASSERTIONS = NO;
				ENABLE_STRICT_OBJC_MSGSEND = YES;
				GCC_C_LANGUAGE_STANDARD = gnu11;
				GCC_NO_COMMON_BLOCKS = YES;
				GCC_WARN_64_TO_32_BIT_CONVERSION = YES;
				GCC_WARN_ABOUT_RETURN_TYPE = YES_ERROR;
				GCC_WARN_UNDECLARED_SELECTOR = YES;
				GCC_WARN_UNINITIALIZED_AUTOS = YES_AGGRESSIVE;
				GCC_WARN_UNUSED_FUNCTION = YES;
				GCC_WARN_UNUSED_VARIABLE = YES;
				IPHONEOS_DEPLOYMENT_TARGET = 14.5;
				MTL_ENABLE_DEBUG_INFO = NO;
				MTL_FAST_MATH = YES;
				SDKROOT = iphoneos;
				SWIFT_COMPILATION_MODE = wholemodule;
				SWIFT_OPTIMIZATION_LEVEL = "-O";
				VALIDATE_PRODUCT = YES;
			};
			name = Release;
		};
		C30E873026A808F80020D4BD /* Debug */ = {
			isa = XCBuildConfiguration;
			buildSettings = {
				ASSETCATALOG_COMPILER_APPICON_NAME = "dev-AppIcon";
				ASSETCATALOG_COMPILER_GLOBAL_ACCENT_COLOR_NAME = AccentColor;
				CODE_SIGN_STYLE = Automatic;
				DEVELOPMENT_TEAM = 5TWWN7UL86;
				INFOPLIST_FILE = "Starter-Sample/Common Resources/App-Plist/dev-Info.plist";
				LD_RUNPATH_SEARCH_PATHS = (
					"$(inherited)",
					"@executable_path/Frameworks",
				);
				PRODUCT_BUNDLE_IDENTIFIER = "com.lightning.world.Starter-Sample";
				PRODUCT_NAME = "$(TARGET_NAME)";
				SWIFT_VERSION = 5.0;
				TARGETED_DEVICE_FAMILY = "1,2";
			};
			name = Debug;
		};
		C30E873126A808F80020D4BD /* Release */ = {
			isa = XCBuildConfiguration;
			buildSettings = {
				ASSETCATALOG_COMPILER_APPICON_NAME = "dev-AppIcon";
				ASSETCATALOG_COMPILER_GLOBAL_ACCENT_COLOR_NAME = AccentColor;
				CODE_SIGN_STYLE = Automatic;
				DEVELOPMENT_TEAM = 5TWWN7UL86;
				INFOPLIST_FILE = "Starter-Sample/Common Resources/App-Plist/dev-Info.plist";
				LD_RUNPATH_SEARCH_PATHS = (
					"$(inherited)",
					"@executable_path/Frameworks",
				);
				PRODUCT_BUNDLE_IDENTIFIER = "com.lightning.world.Starter-Sample";
				PRODUCT_NAME = "$(TARGET_NAME)";
				SWIFT_VERSION = 5.0;
				TARGETED_DEVICE_FAMILY = "1,2";
			};
			name = Release;
		};
		C30E873D26A809020020D4BD /* Debug */ = {
			isa = XCBuildConfiguration;
			buildSettings = {
				ASSETCATALOG_COMPILER_APPICON_NAME = "sit-AppIcon";
				ASSETCATALOG_COMPILER_GLOBAL_ACCENT_COLOR_NAME = AccentColor;
				CODE_SIGN_STYLE = Automatic;
				DEVELOPMENT_TEAM = 5TWWN7UL86;
				INFOPLIST_FILE = "Starter-Sample/Common Resources/App-Plist/sit-Starter-Sample.plist";
				LD_RUNPATH_SEARCH_PATHS = (
					"$(inherited)",
					"@executable_path/Frameworks",
				);
				PRODUCT_BUNDLE_IDENTIFIER = "com.lightning.world.Starter-Sample";
				PRODUCT_NAME = "$(TARGET_NAME)";
				SWIFT_VERSION = 5.0;
				TARGETED_DEVICE_FAMILY = "1,2";
			};
			name = Debug;
		};
		C30E873E26A809020020D4BD /* Release */ = {
			isa = XCBuildConfiguration;
			buildSettings = {
				ASSETCATALOG_COMPILER_APPICON_NAME = "sit-AppIcon";
				ASSETCATALOG_COMPILER_GLOBAL_ACCENT_COLOR_NAME = AccentColor;
				CODE_SIGN_STYLE = Automatic;
				DEVELOPMENT_TEAM = 5TWWN7UL86;
				INFOPLIST_FILE = "Starter-Sample/Common Resources/App-Plist/sit-Starter-Sample.plist";
				LD_RUNPATH_SEARCH_PATHS = (
					"$(inherited)",
					"@executable_path/Frameworks",
				);
				PRODUCT_BUNDLE_IDENTIFIER = "com.lightning.world.Starter-Sample";
				PRODUCT_NAME = "$(TARGET_NAME)";
				SWIFT_VERSION = 5.0;
				TARGETED_DEVICE_FAMILY = "1,2";
			};
			name = Release;
		};
		C30E874C26A809070020D4BD /* Debug */ = {
			isa = XCBuildConfiguration;
			buildSettings = {
				ASSETCATALOG_COMPILER_APPICON_NAME = "uat-AppIcon";
				ASSETCATALOG_COMPILER_GLOBAL_ACCENT_COLOR_NAME = AccentColor;
				CODE_SIGN_STYLE = Automatic;
				DEVELOPMENT_TEAM = 5TWWN7UL86;
				INFOPLIST_FILE = "Starter-Sample/Common Resources/App-Plist/uat-Starter-Sample.plist";
				LD_RUNPATH_SEARCH_PATHS = (
					"$(inherited)",
					"@executable_path/Frameworks",
				);
				PRODUCT_BUNDLE_IDENTIFIER = "com.lightning.world.Starter-Sample";
				PRODUCT_NAME = "$(TARGET_NAME)";
				SWIFT_VERSION = 5.0;
				TARGETED_DEVICE_FAMILY = "1,2";
			};
			name = Debug;
		};
		C30E874D26A809070020D4BD /* Release */ = {
			isa = XCBuildConfiguration;
			buildSettings = {
				ASSETCATALOG_COMPILER_APPICON_NAME = "uat-AppIcon";
				ASSETCATALOG_COMPILER_GLOBAL_ACCENT_COLOR_NAME = AccentColor;
				CODE_SIGN_STYLE = Automatic;
				DEVELOPMENT_TEAM = 5TWWN7UL86;
				INFOPLIST_FILE = "Starter-Sample/Common Resources/App-Plist/uat-Starter-Sample.plist";
				LD_RUNPATH_SEARCH_PATHS = (
					"$(inherited)",
					"@executable_path/Frameworks",
				);
				PRODUCT_BUNDLE_IDENTIFIER = "com.lightning.world.Starter-Sample";
				PRODUCT_NAME = "$(TARGET_NAME)";
				SWIFT_VERSION = 5.0;
				TARGETED_DEVICE_FAMILY = "1,2";
			};
			name = Release;
		};
		C30E875B26A809140020D4BD /* Debug */ = {
			isa = XCBuildConfiguration;
			buildSettings = {
				ASSETCATALOG_COMPILER_APPICON_NAME = "prod-AppIcon";
				ASSETCATALOG_COMPILER_GLOBAL_ACCENT_COLOR_NAME = AccentColor;
				CODE_SIGN_STYLE = Automatic;
				DEVELOPMENT_TEAM = 5TWWN7UL86;
				INFOPLIST_FILE = "Starter-Sample/Common Resources/App-Plist/prod-Starter-Sample.plist";
				LD_RUNPATH_SEARCH_PATHS = (
					"$(inherited)",
					"@executable_path/Frameworks",
				);
				PRODUCT_BUNDLE_IDENTIFIER = "com.lightning.world.Starter-Sample";
				PRODUCT_NAME = "$(TARGET_NAME)";
				SWIFT_VERSION = 5.0;
				TARGETED_DEVICE_FAMILY = "1,2";
			};
			name = Debug;
		};
		C30E875C26A809140020D4BD /* Release */ = {
			isa = XCBuildConfiguration;
			buildSettings = {
				ASSETCATALOG_COMPILER_APPICON_NAME = "prod-AppIcon";
				ASSETCATALOG_COMPILER_GLOBAL_ACCENT_COLOR_NAME = AccentColor;
				CODE_SIGN_STYLE = Automatic;
				DEVELOPMENT_TEAM = 5TWWN7UL86;
				INFOPLIST_FILE = "Starter-Sample/Common Resources/App-Plist/prod-Starter-Sample.plist";
				LD_RUNPATH_SEARCH_PATHS = (
					"$(inherited)",
					"@executable_path/Frameworks",
				);
				PRODUCT_BUNDLE_IDENTIFIER = "com.lightning.world.Starter-Sample";
				PRODUCT_NAME = "$(TARGET_NAME)";
				SWIFT_VERSION = 5.0;
				TARGETED_DEVICE_FAMILY = "1,2";
			};
			name = Release;
		};
		C30E876A26A809180020D4BD /* Debug */ = {
			isa = XCBuildConfiguration;
			buildSettings = {
				ASSETCATALOG_COMPILER_APPICON_NAME = "offline-AppIcon";
				ASSETCATALOG_COMPILER_GLOBAL_ACCENT_COLOR_NAME = AccentColor;
				CODE_SIGN_STYLE = Automatic;
				DEVELOPMENT_TEAM = 5TWWN7UL86;
				INFOPLIST_FILE = "Starter-Sample/Common Resources/App-Plist/offline-Starter-Sample.plist";
				LD_RUNPATH_SEARCH_PATHS = (
					"$(inherited)",
					"@executable_path/Frameworks",
				);
				PRODUCT_BUNDLE_IDENTIFIER = "com.lightning.world.Starter-Sample";
				PRODUCT_NAME = "$(TARGET_NAME)";
				SWIFT_VERSION = 5.0;
				TARGETED_DEVICE_FAMILY = "1,2";
			};
			name = Debug;
		};
		C30E876B26A809180020D4BD /* Release */ = {
			isa = XCBuildConfiguration;
			buildSettings = {
				ASSETCATALOG_COMPILER_APPICON_NAME = "offline-AppIcon";
				ASSETCATALOG_COMPILER_GLOBAL_ACCENT_COLOR_NAME = AccentColor;
				CODE_SIGN_STYLE = Automatic;
				DEVELOPMENT_TEAM = 5TWWN7UL86;
				INFOPLIST_FILE = "Starter-Sample/Common Resources/App-Plist/offline-Starter-Sample.plist";
				LD_RUNPATH_SEARCH_PATHS = (
					"$(inherited)",
					"@executable_path/Frameworks",
				);
				PRODUCT_BUNDLE_IDENTIFIER = "com.lightning.world.Starter-Sample";
				PRODUCT_NAME = "$(TARGET_NAME)";
				SWIFT_VERSION = 5.0;
				TARGETED_DEVICE_FAMILY = "1,2";
			};
			name = Release;
		};
/* End XCBuildConfiguration section */

/* Begin XCConfigurationList section */
		C30E871626A808F70020D4BD /* Build configuration list for PBXProject "Starter-Sample" */ = {
			isa = XCConfigurationList;
			buildConfigurations = (
				C30E872D26A808F80020D4BD /* Debug */,
				C30E872E26A808F80020D4BD /* Release */,
			);
			defaultConfigurationIsVisible = 0;
			defaultConfigurationName = Release;
		};
		C30E872F26A808F80020D4BD /* Build configuration list for PBXNativeTarget "dev-Starter-Sample" */ = {
			isa = XCConfigurationList;
			buildConfigurations = (
				C30E873026A808F80020D4BD /* Debug */,
				C30E873126A808F80020D4BD /* Release */,
			);
			defaultConfigurationIsVisible = 0;
			defaultConfigurationName = Release;
		};
		C30E873C26A809020020D4BD /* Build configuration list for PBXNativeTarget "sit-Starter-Sample" */ = {
			isa = XCConfigurationList;
			buildConfigurations = (
				C30E873D26A809020020D4BD /* Debug */,
				C30E873E26A809020020D4BD /* Release */,
			);
			defaultConfigurationIsVisible = 0;
			defaultConfigurationName = Release;
		};
		C30E874B26A809070020D4BD /* Build configuration list for PBXNativeTarget "uat-Starter-Sample" */ = {
			isa = XCConfigurationList;
			buildConfigurations = (
				C30E874C26A809070020D4BD /* Debug */,
				C30E874D26A809070020D4BD /* Release */,
			);
			defaultConfigurationIsVisible = 0;
			defaultConfigurationName = Release;
		};
		C30E875A26A809140020D4BD /* Build configuration list for PBXNativeTarget "prod-Starter-Sample" */ = {
			isa = XCConfigurationList;
			buildConfigurations = (
				C30E875B26A809140020D4BD /* Debug */,
				C30E875C26A809140020D4BD /* Release */,
			);
			defaultConfigurationIsVisible = 0;
			defaultConfigurationName = Release;
		};
		C30E876926A809180020D4BD /* Build configuration list for PBXNativeTarget "offline-Starter-Sample" */ = {
			isa = XCConfigurationList;
			buildConfigurations = (
				C30E876A26A809180020D4BD /* Debug */,
				C30E876B26A809180020D4BD /* Release */,
			);
			defaultConfigurationIsVisible = 0;
			defaultConfigurationName = Release;
		};
/* End XCConfigurationList section */
	};
	rootObject = C30E871326A808F70020D4BD /* Project object */;
}
